
Microsoft Visual Studio Solution File, Format Version 12.00
# Visual Studio Version 17
VisualStudioVersion = 17.12.35527.113
MinimumVisualStudioVersion = 10.0.40219.1
Project("{2150E333-8FDC-42A3-9474-1A3956D46DE8}") = "Services", "Services", "{44D6181B-827A-4F09-9178-BE10E5A45352}"
EndProject
Project("{2150E333-8FDC-42A3-9474-1A3956D46DE8}") = "Catalog", "Catalog", "{B9C31794-540B-4FF8-B590-7FF903E699B5}"
EndProject
Project("{FAE04EC0-301F-11D3-BF4B-00C04F79EFBC}") = "CatalogAPI", "Services\Catalog\CatalogAPI\CatalogAPI.csproj", "{5A8968EB-0249-4D07-8E31-16BFB29FCBB8}"
EndProject
Project("{2150E333-8FDC-42A3-9474-1A3956D46DE8}") = "BuildingBlocks", "BuildingBlocks", "{B382A4F3-947D-4006-9D19-F53F918F3575}"
EndProject
Project("{FAE04EC0-301F-11D3-BF4B-00C04F79EFBC}") = "BuildingBlocks", "BuildingBlocks\BuildingBlocks\BuildingBlocks.csproj", "{8A75BD61-EB8A-4E9B-A7A0-39F3DDFB06EA}"
EndProject
Project("{E53339B2-1760-4266-BCC7-CA923CBCF16C}") = "docker-compose", "docker-compose.dcproj", "{CF820101-7FF8-4B77-91B2-5E0C31D8B26A}"
EndProject
Project("{2150E333-8FDC-42A3-9474-1A3956D46DE8}") = "Basket", "Basket", "{4F270624-F177-4AC9-B718-2B6F084C9AE3}"
EndProject
Project("{FAE04EC0-301F-11D3-BF4B-00C04F79EFBC}") = "BasketApi", "Services\Basket\BasketApi\BasketApi.csproj", "{5110002B-4FAD-4107-8276-320146CD2D12}"
EndProject
Project("{2150E333-8FDC-42A3-9474-1A3956D46DE8}") = "Discount", "Discount", "{A1FAB85A-3080-4CDB-977A-FC8626FF7839}"
EndProject
Project("{FAE04EC0-301F-11D3-BF4B-00C04F79EFBC}") = "DiscountGrpc", "Services\Discount\DiscountGrpc\DiscountGrpc.csproj", "{5AA59CD5-9EEF-4DB7-947E-99C18988C4C7}"
EndProject
Project("{2150E333-8FDC-42A3-9474-1A3956D46DE8}") = "Ordering", "Ordering", "{6508ECA6-8BBE-4DEB-A682-E9434B1C0051}"
EndProject
Project("{FAE04EC0-301F-11D3-BF4B-00C04F79EFBC}") = "OrderingApi", "Services\Ordering\OrderingApi\OrderingApi.csproj", "{AEEB6568-CE59-48AA-ADDC-CAE6049B3A53}"
EndProject
Project("{FAE04EC0-301F-11D3-BF4B-00C04F79EFBC}") = "OrderingDomain", "Services\Ordering\OrderingDomain\OrderingDomain.csproj", "{75CAFEC1-2D28-46D0-B14E-58B8802C6ED5}"
EndProject
Project("{FAE04EC0-301F-11D3-BF4B-00C04F79EFBC}") = "OrderingApplication", "Services\Ordering\OrderingApplication\OrderingApplication.csproj", "{F0650E84-F440-4675-A377-751D6060CD6F}"
EndProject
Project("{FAE04EC0-301F-11D3-BF4B-00C04F79EFBC}") = "OrderingInfrastructure", "Services\Ordering\OrderingInfrastructure\OrderingInfrastructure.csproj", "{4E472477-61EC-48B8-83B0-DCD928BB718F}"
EndProject
Global
	GlobalSection(SolutionConfigurationPlatforms) = preSolution
		Debug|Any CPU = Debug|Any CPU
		Release|Any CPU = Release|Any CPU
	EndGlobalSection
	GlobalSection(ProjectConfigurationPlatforms) = postSolution
		{5A8968EB-0249-4D07-8E31-16BFB29FCBB8}.Debug|Any CPU.ActiveCfg = Debug|Any CPU
		{5A8968EB-0249-4D07-8E31-16BFB29FCBB8}.Debug|Any CPU.Build.0 = Debug|Any CPU
		{5A8968EB-0249-4D07-8E31-16BFB29FCBB8}.Release|Any CPU.ActiveCfg = Release|Any CPU
		{5A8968EB-0249-4D07-8E31-16BFB29FCBB8}.Release|Any CPU.Build.0 = Release|Any CPU
		{8A75BD61-EB8A-4E9B-A7A0-39F3DDFB06EA}.Debug|Any CPU.ActiveCfg = Debug|Any CPU
		{8A75BD61-EB8A-4E9B-A7A0-39F3DDFB06EA}.Debug|Any CPU.Build.0 = Debug|Any CPU
		{8A75BD61-EB8A-4E9B-A7A0-39F3DDFB06EA}.Release|Any CPU.ActiveCfg = Release|Any CPU
		{8A75BD61-EB8A-4E9B-A7A0-39F3DDFB06EA}.Release|Any CPU.Build.0 = Release|Any CPU
		{CF820101-7FF8-4B77-91B2-5E0C31D8B26A}.Debug|Any CPU.ActiveCfg = Debug|Any CPU
		{CF820101-7FF8-4B77-91B2-5E0C31D8B26A}.Debug|Any CPU.Build.0 = Debug|Any CPU
		{CF820101-7FF8-4B77-91B2-5E0C31D8B26A}.Release|Any CPU.ActiveCfg = Release|Any CPU
		{CF820101-7FF8-4B77-91B2-5E0C31D8B26A}.Release|Any CPU.Build.0 = Release|Any CPU
		{5110002B-4FAD-4107-8276-320146CD2D12}.Debug|Any CPU.ActiveCfg = Debug|Any CPU
		{5110002B-4FAD-4107-8276-320146CD2D12}.Debug|Any CPU.Build.0 = Debug|Any CPU
		{5110002B-4FAD-4107-8276-320146CD2D12}.Release|Any CPU.ActiveCfg = Release|Any CPU
		{5110002B-4FAD-4107-8276-320146CD2D12}.Release|Any CPU.Build.0 = Release|Any CPU
		{5AA59CD5-9EEF-4DB7-947E-99C18988C4C7}.Debug|Any CPU.ActiveCfg = Debug|Any CPU
		{5AA59CD5-9EEF-4DB7-947E-99C18988C4C7}.Debug|Any CPU.Build.0 = Debug|Any CPU
		{5AA59CD5-9EEF-4DB7-947E-99C18988C4C7}.Release|Any CPU.ActiveCfg = Release|Any CPU
		{5AA59CD5-9EEF-4DB7-947E-99C18988C4C7}.Release|Any CPU.Build.0 = Release|Any CPU
		{AEEB6568-CE59-48AA-ADDC-CAE6049B3A53}.Debug|Any CPU.ActiveCfg = Debug|Any CPU
		{AEEB6568-CE59-48AA-ADDC-CAE6049B3A53}.Debug|Any CPU.Build.0 = Debug|Any CPU
		{AEEB6568-CE59-48AA-ADDC-CAE6049B3A53}.Release|Any CPU.ActiveCfg = Release|Any CPU
		{AEEB6568-CE59-48AA-ADDC-CAE6049B3A53}.Release|Any CPU.Build.0 = Release|Any CPU
		{75CAFEC1-2D28-46D0-B14E-58B8802C6ED5}.Debug|Any CPU.ActiveCfg = Debug|Any CPU
		{75CAFEC1-2D28-46D0-B14E-58B8802C6ED5}.Debug|Any CPU.Build.0 = Debug|Any CPU
		{75CAFEC1-2D28-46D0-B14E-58B8802C6ED5}.Release|Any CPU.ActiveCfg = Release|Any CPU
		{75CAFEC1-2D28-46D0-B14E-58B8802C6ED5}.Release|Any CPU.Build.0 = Release|Any CPU
		{F0650E84-F440-4675-A377-751D6060CD6F}.Debug|Any CPU.ActiveCfg = Debug|Any CPU
		{F0650E84-F440-4675-A377-751D6060CD6F}.Debug|Any CPU.Build.0 = Debug|Any CPU
		{F0650E84-F440-4675-A377-751D6060CD6F}.Release|Any CPU.ActiveCfg = Release|Any CPU
		{F0650E84-F440-4675-A377-751D6060CD6F}.Release|Any CPU.Build.0 = Release|Any CPU
		{4E472477-61EC-48B8-83B0-DCD928BB718F}.Debug|Any CPU.ActiveCfg = Debug|Any CPU
		{4E472477-61EC-48B8-83B0-DCD928BB718F}.Debug|Any CPU.Build.0 = Debug|Any CPU
		{4E472477-61EC-48B8-83B0-DCD928BB718F}.Release|Any CPU.ActiveCfg = Release|Any CPU
		{4E472477-61EC-48B8-83B0-DCD928BB718F}.Release|Any CPU.Build.0 = Release|Any CPU
	EndGlobalSection
	GlobalSection(SolutionProperties) = preSolution
		HideSolutionNode = FALSE
	EndGlobalSection
	GlobalSection(NestedProjects) = preSolution
		{B9C31794-540B-4FF8-B590-7FF903E699B5} = {44D6181B-827A-4F09-9178-BE10E5A45352}
		{5A8968EB-0249-4D07-8E31-16BFB29FCBB8} = {B9C31794-540B-4FF8-B590-7FF903E699B5}
		{8A75BD61-EB8A-4E9B-A7A0-39F3DDFB06EA} = {B382A4F3-947D-4006-9D19-F53F918F3575}
		{4F270624-F177-4AC9-B718-2B6F084C9AE3} = {44D6181B-827A-4F09-9178-BE10E5A45352}
		{5110002B-4FAD-4107-8276-320146CD2D12} = {4F270624-F177-4AC9-B718-2B6F084C9AE3}
		{A1FAB85A-3080-4CDB-977A-FC8626FF7839} = {44D6181B-827A-4F09-9178-BE10E5A45352}
		{5AA59CD5-9EEF-4DB7-947E-99C18988C4C7} = {A1FAB85A-3080-4CDB-977A-FC8626FF7839}
		{6508ECA6-8BBE-4DEB-A682-E9434B1C0051} = {44D6181B-827A-4F09-9178-BE10E5A45352}
		{AEEB6568-CE59-48AA-ADDC-CAE6049B3A53} = {6508ECA6-8BBE-4DEB-A682-E9434B1C0051}
		{75CAFEC1-2D28-46D0-B14E-58B8802C6ED5} = {6508ECA6-8BBE-4DEB-A682-E9434B1C0051}
		{F0650E84-F440-4675-A377-751D6060CD6F} = {6508ECA6-8BBE-4DEB-A682-E9434B1C0051}
		{4E472477-61EC-48B8-83B0-DCD928BB718F} = {6508ECA6-8BBE-4DEB-A682-E9434B1C0051}
	EndGlobalSection
EndGlobal
